
Microsoft Visual Studio Solution File, Format Version 12.00
# Visual Studio 15
Project("{FAE04EC0-301F-11D3-BF4B-00C04F79EFBC}") = "WebApplication", "WebApplication\WebApplication.csproj", "{21C722DD-087C-4ED3-AB64-A19988DCE2F1}"
EndProject
Global
	GlobalSection(SolutionConfigurationPlatforms) = preSolution
		Debug|Any CPU = Debug|Any CPU
		Release|Any CPU = Release|Any CPU
	EndGlobalSection
	GlobalSection(ProjectConfigurationPlatforms) = postSolution
		{21C722DD-087C-4ED3-AB64-A19988DCE2F1}.Debug|Any CPU.ActiveCfg = Debug|Any CPU
		{21C722DD-087C-4ED3-AB64-A19988DCE2F1}.Debug|Any CPU.Build.0 = Debug|Any CPU
		{21C722DD-087C-4ED3-AB64-A19988DCE2F1}.Release|Any CPU.ActiveCfg = Release|Any CPU
		{21C722DD-087C-4ED3-AB64-A19988DCE2F1}.Release|Any CPU.Build.0 = Release|Any CPU
	EndGlobalSection
EndGlobal
